<?xml version="1.0" encoding="utf-8"?>
<Project ToolsVersion="4.0" xmlns="http://schemas.microsoft.com/developer/msbuild/2003">
  <ItemGroup>
    <ClCompile Include="Harvest.cpp" />
    <ClCompile Include="Plant.cpp" />
    <ClCompile Include="Polymorphism.cpp" />
  </ItemGroup>
  <ItemGroup>
    <ClInclude Include="Berry.hpp" />
    <ClInclude Include="Bush.hpp" />
    <ClInclude Include="Fruit.hpp" />
    <ClInclude Include="Grass.hpp" />
    <ClInclude Include="Plant.hpp" />
    <ClInclude Include="Harvest.hpp" />
    <ClInclude Include="Seeds.hpp" />
    <ClInclude Include="Tree.hpp" />
    <ClInclude Include="Flower.hpp" />
    <ClInclude Include="Pollen.hpp" />
  </ItemGroup>
  <ItemGroup>
    <None Include="ClassDiagram.cd" />
  </ItemGroup>
</Project>